
Microsoft Visual Studio Solution File, Format Version 12.00
# Visual Studio 15
VisualStudioVersion = 15.0.28307.645
MinimumVisualStudioVersion = 10.0.40219.1
Project("{FAE04EC0-301F-11D3-BF4B-00C04F79EFBC}") = "protfolio", "protfolio\protfolio.csproj", "{4F6F195A-643C-4F93-B265-6B911E37BFD7}"
EndProject
Global
	GlobalSection(SolutionConfigurationPlatforms) = preSolution
		Debug|Any CPU = Debug|Any CPU
		Release|Any CPU = Release|Any CPU
	EndGlobalSection
	GlobalSection(ProjectConfigurationPlatforms) = postSolution
		{4F6F195A-643C-4F93-B265-6B911E37BFD7}.Debug|Any CPU.ActiveCfg = Debug|Any CPU
		{4F6F195A-643C-4F93-B265-6B911E37BFD7}.Debug|Any CPU.Build.0 = Debug|Any CPU
		{4F6F195A-643C-4F93-B265-6B911E37BFD7}.Release|Any CPU.ActiveCfg = Release|Any CPU
		{4F6F195A-643C-4F93-B265-6B911E37BFD7}.Release|Any CPU.Build.0 = Release|Any CPU
	EndGlobalSection
	GlobalSection(SolutionProperties) = preSolution
		HideSolutionNode = FALSE
	EndGlobalSection
	GlobalSection(ExtensibilityGlobals) = postSolution
		SolutionGuid = {CD87A4BF-F095-4BD2-BD3A-84488DD8E120}
	EndGlobalSection
EndGlobal
